// !$*UTF8*$!
{
	archiveVersion = 1;
	classes = {
	};
	objectVersion = 46;
	objects = {

/* Begin PBXBuildFile section */
		8CDFC53753D245C4A9C391DD /* libPods.a in Frameworks */ = {isa = PBXBuildFile; fileRef = B223519999A0CCDBB883A333 /* libPods.a */; };
		BE28D35319FA889E00FE96B4 /* MMEXAccountsListViewController.m in Sources */ = {isa = PBXBuildFile; fileRef = BE28D35219FA889E00FE96B4 /* MMEXAccountsListViewController.m */; };
		BE446C011A0127EE0044C7E2 /* MMEXSlideMenuMainViewController.m in Sources */ = {isa = PBXBuildFile; fileRef = BE446C001A0127EE0044C7E2 /* MMEXSlideMenuMainViewController.m */; };
		BE446C041A01289B0044C7E2 /* MMEXSlideMenuLeftTableViewController.m in Sources */ = {isa = PBXBuildFile; fileRef = BE446C031A01289B0044C7E2 /* MMEXSlideMenuLeftTableViewController.m */; };
		BE5B07B01A0669EE007B6467 /* CellBg_HasRightArrow@2x.png in Resources */ = {isa = PBXBuildFile; fileRef = BE5B07AD1A0669EE007B6467 /* CellBg_HasRightArrow@2x.png */; };
		BE5B07B11A0669EE007B6467 /* CellBg@2x.png in Resources */ = {isa = PBXBuildFile; fileRef = BE5B07AE1A0669EE007B6467 /* CellBg@2x.png */; };
		BE5B07B21A0669EE007B6467 /* simpleMenuButton@2x.png in Resources */ = {isa = PBXBuildFile; fileRef = BE5B07AF1A0669EE007B6467 /* simpleMenuButton@2x.png */; };
		BE634C821A03C20300363273 /* MMEXProductHelper.m in Sources */ = {isa = PBXBuildFile; fileRef = BE634C811A03C20300363273 /* MMEXProductHelper.m */; };
		BE643FA91A57EA460056A316 /* MMEXTransactionListTableViewController.m in Sources */ = {isa = PBXBuildFile; fileRef = BE643FA81A57EA460056A316 /* MMEXTransactionListTableViewController.m */; };
		BE698C391A3744FA00D6F71C /* MMEXAddTransactionViewControllerTableViewController.m in Sources */ = {isa = PBXBuildFile; fileRef = BE698C381A3744FA00D6F71C /* MMEXAddTransactionViewControllerTableViewController.m */; };
		BE7711E51A05ECDA005F0EA2 /* AccountAssets.m in Sources */ = {isa = PBXBuildFile; fileRef = BE7711E41A05ECDA005F0EA2 /* AccountAssets.m */; };
		BE7711E61A05ECDA005F0EA2 /* AccountAssets.m in Sources */ = {isa = PBXBuildFile; fileRef = BE7711E41A05ECDA005F0EA2 /* AccountAssets.m */; };
		BE97611B1A2B13A000FD08C4 /* MMEXSetAccountTypeTableViewController.m in Sources */ = {isa = PBXBuildFile; fileRef = BE97611A1A2B13A000FD08C4 /* MMEXSetAccountTypeTableViewController.m */; };
		BE97611E1A2B16C700FD08C4 /* MMEXSetAccountStatusTableViewController.m in Sources */ = {isa = PBXBuildFile; fileRef = BE97611D1A2B16C700FD08C4 /* MMEXSetAccountStatusTableViewController.m */; };
		BEAA890F19F38DFB00C0617D /* main.m in Sources */ = {isa = PBXBuildFile; fileRef = BEAA890E19F38DFB00C0617D /* main.m */; };
		BEAA891219F38DFB00C0617D /* AppDelegate.m in Sources */ = {isa = PBXBuildFile; fileRef = BEAA891119F38DFB00C0617D /* AppDelegate.m */; };
		BEAA891519F38DFB00C0617D /* MoneyManagerEx.xcdatamodeld in Sources */ = {isa = PBXBuildFile; fileRef = BEAA891319F38DFB00C0617D /* MoneyManagerEx.xcdatamodeld */; };
		BEAA891819F38DFB00C0617D /* MMEXFirstAccountViewController.m in Sources */ = {isa = PBXBuildFile; fileRef = BEAA891719F38DFB00C0617D /* MMEXFirstAccountViewController.m */; };
		BEAA891B19F38DFB00C0617D /* Main.storyboard in Resources */ = {isa = PBXBuildFile; fileRef = BEAA891919F38DFB00C0617D /* Main.storyboard */; };
		BEAA891D19F38DFB00C0617D /* Images.xcassets in Resources */ = {isa = PBXBuildFile; fileRef = BEAA891C19F38DFB00C0617D /* Images.xcassets */; };
		BEAA892019F38DFB00C0617D /* LaunchScreen.xib in Resources */ = {isa = PBXBuildFile; fileRef = BEAA891E19F38DFB00C0617D /* LaunchScreen.xib */; };
		BEAA892C19F38DFB00C0617D /* MoneyManagerExTests.m in Sources */ = {isa = PBXBuildFile; fileRef = BEAA892B19F38DFB00C0617D /* MoneyManagerExTests.m */; };
		BEAA893D19F396CE00C0617D /* Localizable.strings in Resources */ = {isa = PBXBuildFile; fileRef = BEAA893F19F396CE00C0617D /* Localizable.strings */; };
		BEAA898A19F3D5D400C0617D /* MMEXCreateAccountViewController.m in Sources */ = {isa = PBXBuildFile; fileRef = BEAA898919F3D5D400C0617D /* MMEXCreateAccountViewController.m */; };
/* End PBXBuildFile section */

/* Begin PBXContainerItemProxy section */
		BEAA892619F38DFB00C0617D /* PBXContainerItemProxy */ = {
			isa = PBXContainerItemProxy;
			containerPortal = BEAA890119F38DFB00C0617D /* Project object */;
			proxyType = 1;
			remoteGlobalIDString = BEAA890819F38DFB00C0617D;
			remoteInfo = MoneyManagerEx;
		};
/* End PBXContainerItemProxy section */

/* Begin PBXFileReference section */
		03C6779958AC72F22A83B771 /* Pods.release.xcconfig */ = {isa = PBXFileReference; includeInIndex = 1; lastKnownFileType = text.xcconfig; name = Pods.release.xcconfig; path = "Pods/Target Support Files/Pods/Pods.release.xcconfig"; sourceTree = "<group>"; };
		B223519999A0CCDBB883A333 /* libPods.a */ = {isa = PBXFileReference; explicitFileType = archive.ar; includeInIndex = 0; path = libPods.a; sourceTree = BUILT_PRODUCTS_DIR; };
		BE28D35119FA889E00FE96B4 /* MMEXAccountsListViewController.h */ = {isa = PBXFileReference; fileEncoding = 4; lastKnownFileType = sourcecode.c.h; name = MMEXAccountsListViewController.h; path = ViewControllers/MMEXAccountsListViewController.h; sourceTree = "<group>"; };
		BE28D35219FA889E00FE96B4 /* MMEXAccountsListViewController.m */ = {isa = PBXFileReference; fileEncoding = 4; lastKnownFileType = sourcecode.c.objc; name = MMEXAccountsListViewController.m; path = ViewControllers/MMEXAccountsListViewController.m; sourceTree = "<group>"; };
		BE446BFF1A0127EE0044C7E2 /* MMEXSlideMenuMainViewController.h */ = {isa = PBXFileReference; fileEncoding = 4; lastKnownFileType = sourcecode.c.h; name = MMEXSlideMenuMainViewController.h; path = ViewControllers/MMEXSlideMenuMainViewController.h; sourceTree = "<group>"; };
		BE446C001A0127EE0044C7E2 /* MMEXSlideMenuMainViewController.m */ = {isa = PBXFileReference; fileEncoding = 4; lastKnownFileType = sourcecode.c.objc; name = MMEXSlideMenuMainViewController.m; path = ViewControllers/MMEXSlideMenuMainViewController.m; sourceTree = "<group>"; };
		BE446C021A01289B0044C7E2 /* MMEXSlideMenuLeftTableViewController.h */ = {isa = PBXFileReference; fileEncoding = 4; lastKnownFileType = sourcecode.c.h; name = MMEXSlideMenuLeftTableViewController.h; path = ViewControllers/MMEXSlideMenuLeftTableViewController.h; sourceTree = "<group>"; };
		BE446C031A01289B0044C7E2 /* MMEXSlideMenuLeftTableViewController.m */ = {isa = PBXFileReference; fileEncoding = 4; lastKnownFileType = sourcecode.c.objc; name = MMEXSlideMenuLeftTableViewController.m; path = ViewControllers/MMEXSlideMenuLeftTableViewController.m; sourceTree = "<group>"; };
		BE5B07AD1A0669EE007B6467 /* CellBg_HasRightArrow@2x.png */ = {isa = PBXFileReference; lastKnownFileType = image.png; name = "CellBg_HasRightArrow@2x.png"; path = "Resource/images/Common/CellBg_HasRightArrow@2x.png"; sourceTree = "<group>"; };
		BE5B07AE1A0669EE007B6467 /* CellBg@2x.png */ = {isa = PBXFileReference; lastKnownFileType = image.png; name = "CellBg@2x.png"; path = "Resource/images/Common/CellBg@2x.png"; sourceTree = "<group>"; };
		BE5B07AF1A0669EE007B6467 /* simpleMenuButton@2x.png */ = {isa = PBXFileReference; lastKnownFileType = image.png; name = "simpleMenuButton@2x.png"; path = "Resource/images/Common/simpleMenuButton@2x.png"; sourceTree = "<group>"; };
		BE634C801A03C20300363273 /* MMEXProductHelper.h */ = {isa = PBXFileReference; fileEncoding = 4; lastKnownFileType = sourcecode.c.h; name = MMEXProductHelper.h; path = Common/MMEXProductHelper.h; sourceTree = "<group>"; };
		BE634C811A03C20300363273 /* MMEXProductHelper.m */ = {isa = PBXFileReference; fileEncoding = 4; lastKnownFileType = sourcecode.c.objc; name = MMEXProductHelper.m; path = Common/MMEXProductHelper.m; sourceTree = "<group>"; };
		BE643FA71A57EA460056A316 /* MMEXTransactionListTableViewController.h */ = {isa = PBXFileReference; fileEncoding = 4; lastKnownFileType = sourcecode.c.h; name = MMEXTransactionListTableViewController.h; path = ViewControllers/MMEXTransactionListTableViewController.h; sourceTree = "<group>"; };
		BE643FA81A57EA460056A316 /* MMEXTransactionListTableViewController.m */ = {isa = PBXFileReference; fileEncoding = 4; lastKnownFileType = sourcecode.c.objc; name = MMEXTransactionListTableViewController.m; path = ViewControllers/MMEXTransactionListTableViewController.m; sourceTree = "<group>"; };
		BE698C371A3744FA00D6F71C /* MMEXAddTransactionViewControllerTableViewController.h */ = {isa = PBXFileReference; fileEncoding = 4; lastKnownFileType = sourcecode.c.h; name = MMEXAddTransactionViewControllerTableViewController.h; path = ViewControllers/MMEXAddTransactionViewControllerTableViewController.h; sourceTree = "<group>"; };
		BE698C381A3744FA00D6F71C /* MMEXAddTransactionViewControllerTableViewController.m */ = {isa = PBXFileReference; fileEncoding = 4; lastKnownFileType = sourcecode.c.objc; name = MMEXAddTransactionViewControllerTableViewController.m; path = ViewControllers/MMEXAddTransactionViewControllerTableViewController.m; sourceTree = "<group>"; };
		BE7711E31A05ECDA005F0EA2 /* AccountAssets.h */ = {isa = PBXFileReference; fileEncoding = 4; lastKnownFileType = sourcecode.c.h; name = AccountAssets.h; path = Model/AccountAssets.h; sourceTree = "<group>"; };
		BE7711E41A05ECDA005F0EA2 /* AccountAssets.m */ = {isa = PBXFileReference; fileEncoding = 4; lastKnownFileType = sourcecode.c.objc; name = AccountAssets.m; path = Model/AccountAssets.m; sourceTree = "<group>"; };
		BE9761181A2B061900FD08C4 /* TypeDef.h */ = {isa = PBXFileReference; fileEncoding = 4; lastKnownFileType = sourcecode.c.h; name = TypeDef.h; path = Model/TypeDef.h; sourceTree = "<group>"; };
		BE9761191A2B13A000FD08C4 /* MMEXSetAccountTypeTableViewController.h */ = {isa = PBXFileReference; fileEncoding = 4; lastKnownFileType = sourcecode.c.h; name = MMEXSetAccountTypeTableViewController.h; path = ViewControllers/MMEXSetAccountTypeTableViewController.h; sourceTree = "<group>"; };
		BE97611A1A2B13A000FD08C4 /* MMEXSetAccountTypeTableViewController.m */ = {isa = PBXFileReference; fileEncoding = 4; lastKnownFileType = sourcecode.c.objc; name = MMEXSetAccountTypeTableViewController.m; path = ViewControllers/MMEXSetAccountTypeTableViewController.m; sourceTree = "<group>"; };
		BE97611C1A2B16C700FD08C4 /* MMEXSetAccountStatusTableViewController.h */ = {isa = PBXFileReference; fileEncoding = 4; lastKnownFileType = sourcecode.c.h; name = MMEXSetAccountStatusTableViewController.h; path = ViewControllers/MMEXSetAccountStatusTableViewController.h; sourceTree = "<group>"; };
		BE97611D1A2B16C700FD08C4 /* MMEXSetAccountStatusTableViewController.m */ = {isa = PBXFileReference; fileEncoding = 4; lastKnownFileType = sourcecode.c.objc; name = MMEXSetAccountStatusTableViewController.m; path = ViewControllers/MMEXSetAccountStatusTableViewController.m; sourceTree = "<group>"; };
		BE9761201A2B1F9B00FD08C4 /* MMEXPageJumpProtocol.h */ = {isa = PBXFileReference; lastKnownFileType = sourcecode.c.h; name = MMEXPageJumpProtocol.h; path = ViewControllers/PageJumpProtocol/MMEXPageJumpProtocol.h; sourceTree = "<group>"; };
		BEAA890919F38DFB00C0617D /* MoneyManagerEx.app */ = {isa = PBXFileReference; explicitFileType = wrapper.application; includeInIndex = 0; path = MoneyManagerEx.app; sourceTree = BUILT_PRODUCTS_DIR; };
		BEAA890D19F38DFB00C0617D /* Info.plist */ = {isa = PBXFileReference; lastKnownFileType = text.plist.xml; path = Info.plist; sourceTree = "<group>"; };
		BEAA890E19F38DFB00C0617D /* main.m */ = {isa = PBXFileReference; lastKnownFileType = sourcecode.c.objc; path = main.m; sourceTree = "<group>"; };
		BEAA891019F38DFB00C0617D /* AppDelegate.h */ = {isa = PBXFileReference; lastKnownFileType = sourcecode.c.h; path = AppDelegate.h; sourceTree = "<group>"; };
		BEAA891119F38DFB00C0617D /* AppDelegate.m */ = {isa = PBXFileReference; lastKnownFileType = sourcecode.c.objc; path = AppDelegate.m; sourceTree = "<group>"; };
		BEAA891419F38DFB00C0617D /* MoneyManagerEx.xcdatamodel */ = {isa = PBXFileReference; lastKnownFileType = wrapper.xcdatamodel; path = MoneyManagerEx.xcdatamodel; sourceTree = "<group>"; };
		BEAA891619F38DFB00C0617D /* MMEXFirstAccountViewController.h */ = {isa = PBXFileReference; lastKnownFileType = sourcecode.c.h; path = MMEXFirstAccountViewController.h; sourceTree = "<group>"; };
		BEAA891719F38DFB00C0617D /* MMEXFirstAccountViewController.m */ = {isa = PBXFileReference; lastKnownFileType = sourcecode.c.objc; path = MMEXFirstAccountViewController.m; sourceTree = "<group>"; };
		BEAA891A19F38DFB00C0617D /* Base */ = {isa = PBXFileReference; lastKnownFileType = file.storyboard; name = Base; path = Base.lproj/Main.storyboard; sourceTree = "<group>"; };
		BEAA891C19F38DFB00C0617D /* Images.xcassets */ = {isa = PBXFileReference; lastKnownFileType = folder.assetcatalog; path = Images.xcassets; sourceTree = "<group>"; };
		BEAA891F19F38DFB00C0617D /* Base */ = {isa = PBXFileReference; lastKnownFileType = file.xib; name = Base; path = Base.lproj/LaunchScreen.xib; sourceTree = "<group>"; };
		BEAA892519F38DFB00C0617D /* MoneyManagerExTests.xctest */ = {isa = PBXFileReference; explicitFileType = wrapper.cfbundle; includeInIndex = 0; path = MoneyManagerExTests.xctest; sourceTree = BUILT_PRODUCTS_DIR; };
		BEAA892A19F38DFB00C0617D /* Info.plist */ = {isa = PBXFileReference; lastKnownFileType = text.plist.xml; path = Info.plist; sourceTree = "<group>"; };
		BEAA892B19F38DFB00C0617D /* MoneyManagerExTests.m */ = {isa = PBXFileReference; lastKnownFileType = sourcecode.c.objc; path = MoneyManagerExTests.m; sourceTree = "<group>"; };
		BEAA893E19F396CE00C0617D /* Base */ = {isa = PBXFileReference; lastKnownFileType = text.plist.strings; name = Base; path = Base.lproj/Localizable.strings; sourceTree = "<group>"; };
		BEAA894E19F39C6000C0617D /* zh-Hans */ = {isa = PBXFileReference; lastKnownFileType = text.plist.strings; name = "zh-Hans"; path = "zh-Hans.lproj/Main.strings"; sourceTree = "<group>"; };
		BEAA895019F39C7E00C0617D /* zh-Hans */ = {isa = PBXFileReference; lastKnownFileType = text.plist.strings; name = "zh-Hans"; path = "zh-Hans.lproj/LaunchScreen.strings"; sourceTree = "<group>"; };
		BEAA895119F39C8E00C0617D /* zh-Hans */ = {isa = PBXFileReference; lastKnownFileType = text.plist.strings; name = "zh-Hans"; path = "zh-Hans.lproj/Localizable.strings"; sourceTree = "<group>"; };
		BEAA898819F3D5D400C0617D /* MMEXCreateAccountViewController.h */ = {isa = PBXFileReference; fileEncoding = 4; lastKnownFileType = sourcecode.c.h; name = MMEXCreateAccountViewController.h; path = ViewControllers/MMEXCreateAccountViewController.h; sourceTree = "<group>"; };
		BEAA898919F3D5D400C0617D /* MMEXCreateAccountViewController.m */ = {isa = PBXFileReference; fileEncoding = 4; lastKnownFileType = sourcecode.c.objc; name = MMEXCreateAccountViewController.m; path = ViewControllers/MMEXCreateAccountViewController.m; sourceTree = "<group>"; };
		F83B9405833E553A1DE88484 /* Pods.debug.xcconfig */ = {isa = PBXFileReference; includeInIndex = 1; lastKnownFileType = text.xcconfig; name = Pods.debug.xcconfig; path = "Pods/Target Support Files/Pods/Pods.debug.xcconfig"; sourceTree = "<group>"; };
/* End PBXFileReference section */

/* Begin PBXFrameworksBuildPhase section */
		BEAA890619F38DFB00C0617D /* Frameworks */ = {
			isa = PBXFrameworksBuildPhase;
			buildActionMask = 2147483647;
			files = (
				8CDFC53753D245C4A9C391DD /* libPods.a in Frameworks */,
			);
			runOnlyForDeploymentPostprocessing = 0;
		};
		BEAA892219F38DFB00C0617D /* Frameworks */ = {
			isa = PBXFrameworksBuildPhase;
			buildActionMask = 2147483647;
			files = (
			);
			runOnlyForDeploymentPostprocessing = 0;
		};
/* End PBXFrameworksBuildPhase section */

/* Begin PBXGroup section */
		40FB422D07D665610A3F1D6D /* Pods */ = {
			isa = PBXGroup;
			children = (
				F83B9405833E553A1DE88484 /* Pods.debug.xcconfig */,
				03C6779958AC72F22A83B771 /* Pods.release.xcconfig */,
			);
			name = Pods;
			sourceTree = "<group>";
		};
		BE446C3D1A012BE00044C7E2 /* Resouces */ = {
			isa = PBXGroup;
			children = (
				BE446C3E1A012BF40044C7E2 /* images */,
			);
			name = Resouces;
			sourceTree = "<group>";
		};
		BE446C3E1A012BF40044C7E2 /* images */ = {
			isa = PBXGroup;
			children = (
				BE5B07AA1A0668FB007B6467 /* common */,
			);
			name = images;
			sourceTree = "<group>";
		};
		BE5605321A04E035004D6B5A /* SlideMenu */ = {
			isa = PBXGroup;
			children = (
				BE446BFF1A0127EE0044C7E2 /* MMEXSlideMenuMainViewController.h */,
				BE446C001A0127EE0044C7E2 /* MMEXSlideMenuMainViewController.m */,
				BE446C021A01289B0044C7E2 /* MMEXSlideMenuLeftTableViewController.h */,
				BE446C031A01289B0044C7E2 /* MMEXSlideMenuLeftTableViewController.m */,
			);
			name = SlideMenu;
			sourceTree = "<group>";
		};
		BE5605331A04E05A004D6B5A /* HomePage */ = {
			isa = PBXGroup;
			children = (
				BEAA891619F38DFB00C0617D /* MMEXFirstAccountViewController.h */,
				BEAA891719F38DFB00C0617D /* MMEXFirstAccountViewController.m */,
			);
			name = HomePage;
			sourceTree = "<group>";
		};
		BE5605341A04E07C004D6B5A /* Account */ = {
			isa = PBXGroup;
			children = (
				BE97611F1A2B1F4200FD08C4 /* PageJumpProtocol */,
				BEAA898819F3D5D400C0617D /* MMEXCreateAccountViewController.h */,
				BEAA898919F3D5D400C0617D /* MMEXCreateAccountViewController.m */,
				BE28D35119FA889E00FE96B4 /* MMEXAccountsListViewController.h */,
				BE28D35219FA889E00FE96B4 /* MMEXAccountsListViewController.m */,
				BE9761191A2B13A000FD08C4 /* MMEXSetAccountTypeTableViewController.h */,
				BE97611A1A2B13A000FD08C4 /* MMEXSetAccountTypeTableViewController.m */,
				BE97611C1A2B16C700FD08C4 /* MMEXSetAccountStatusTableViewController.h */,
				BE97611D1A2B16C700FD08C4 /* MMEXSetAccountStatusTableViewController.m */,
			);
			name = Account;
			sourceTree = "<group>";
		};
		BE5605351A04E08C004D6B5A /* Transaction */ = {
			isa = PBXGroup;
			children = (
				BE698C371A3744FA00D6F71C /* MMEXAddTransactionViewControllerTableViewController.h */,
				BE698C381A3744FA00D6F71C /* MMEXAddTransactionViewControllerTableViewController.m */,
				BE643FA71A57EA460056A316 /* MMEXTransactionListTableViewController.h */,
				BE643FA81A57EA460056A316 /* MMEXTransactionListTableViewController.m */,
			);
			name = Transaction;
			sourceTree = "<group>";
		};
		BE5B07AA1A0668FB007B6467 /* common */ = {
			isa = PBXGroup;
			children = (
				BE5B07AD1A0669EE007B6467 /* CellBg_HasRightArrow@2x.png */,
				BE5B07AE1A0669EE007B6467 /* CellBg@2x.png */,
				BE5B07AF1A0669EE007B6467 /* simpleMenuButton@2x.png */,
			);
			name = common;
			sourceTree = "<group>";
		};
		BE634C7F1A03C16F00363273 /* Common */ = {
			isa = PBXGroup;
			children = (
				BE634C801A03C20300363273 /* MMEXProductHelper.h */,
				BE634C811A03C20300363273 /* MMEXProductHelper.m */,
			);
			name = Common;
			sourceTree = "<group>";
		};
		BE698C331A37415B00D6F71C /* TransactionType */ = {
			isa = PBXGroup;
			children = (
			);
			name = TransactionType;
			sourceTree = "<group>";
		};
		BE7711E21A05EC85005F0EA2 /* Model */ = {
			isa = PBXGroup;
			children = (
				BE7711E31A05ECDA005F0EA2 /* AccountAssets.h */,
				BE7711E41A05ECDA005F0EA2 /* AccountAssets.m */,
				BE9761181A2B061900FD08C4 /* TypeDef.h */,
			);
			name = Model;
			sourceTree = "<group>";
		};
		BE97611F1A2B1F4200FD08C4 /* PageJumpProtocol */ = {
			isa = PBXGroup;
			children = (
				BE9761201A2B1F9B00FD08C4 /* MMEXPageJumpProtocol.h */,
			);
			name = PageJumpProtocol;
			sourceTree = "<group>";
		};
		BEAA890019F38DFB00C0617D = {
			isa = PBXGroup;
			children = (
				BEAA890B19F38DFB00C0617D /* MoneyManagerEx */,
				BEAA892819F38DFB00C0617D /* MoneyManagerExTests */,
				BEAA890A19F38DFB00C0617D /* Products */,
				40FB422D07D665610A3F1D6D /* Pods */,
				E71A1D42B60E7AF8500E67C7 /* Frameworks */,
			);
			sourceTree = "<group>";
			usesTabs = 0;
		};
		BEAA890A19F38DFB00C0617D /* Products */ = {
			isa = PBXGroup;
			children = (
				BEAA890919F38DFB00C0617D /* MoneyManagerEx.app */,
				BEAA892519F38DFB00C0617D /* MoneyManagerExTests.xctest */,
			);
			name = Products;
			sourceTree = "<group>";
		};
		BEAA890B19F38DFB00C0617D /* MoneyManagerEx */ = {
			isa = PBXGroup;
			children = (
				BE634C7F1A03C16F00363273 /* Common */,
				BE7711E21A05EC85005F0EA2 /* Model */,
				BE446C3D1A012BE00044C7E2 /* Resouces */,
				BEAA898719F3D4C800C0617D /* ViewControllers */,
				BEAA891019F38DFB00C0617D /* AppDelegate.h */,
				BEAA891119F38DFB00C0617D /* AppDelegate.m */,
				BEAA891919F38DFB00C0617D /* Main.storyboard */,
				BEAA891C19F38DFB00C0617D /* Images.xcassets */,
				BEAA891E19F38DFB00C0617D /* LaunchScreen.xib */,
				BEAA891319F38DFB00C0617D /* MoneyManagerEx.xcdatamodeld */,
				BEAA890C19F38DFB00C0617D /* Supporting Files */,
			);
			path = MoneyManagerEx;
			sourceTree = "<group>";
		};
		BEAA890C19F38DFB00C0617D /* Supporting Files */ = {
			isa = PBXGroup;
			children = (
				BEAA890D19F38DFB00C0617D /* Info.plist */,
				BEAA890E19F38DFB00C0617D /* main.m */,
				BEAA893F19F396CE00C0617D /* Localizable.strings */,
			);
			name = "Supporting Files";
			sourceTree = "<group>";
		};
		BEAA892819F38DFB00C0617D /* MoneyManagerExTests */ = {
			isa = PBXGroup;
			children = (
				BEAA892B19F38DFB00C0617D /* MoneyManagerExTests.m */,
				BEAA892919F38DFB00C0617D /* Supporting Files */,
			);
			path = MoneyManagerExTests;
			sourceTree = "<group>";
		};
		BEAA892919F38DFB00C0617D /* Supporting Files */ = {
			isa = PBXGroup;
			children = (
				BEAA892A19F38DFB00C0617D /* Info.plist */,
			);
			name = "Supporting Files";
			sourceTree = "<group>";
		};
		BEAA898719F3D4C800C0617D /* ViewControllers */ = {
			isa = PBXGroup;
			children = (
				BE698C331A37415B00D6F71C /* TransactionType */,
				BE5605351A04E08C004D6B5A /* Transaction */,
				BE5605341A04E07C004D6B5A /* Account */,
				BE5605331A04E05A004D6B5A /* HomePage */,
				BE5605321A04E035004D6B5A /* SlideMenu */,
			);
			name = ViewControllers;
			sourceTree = "<group>";
		};
		E71A1D42B60E7AF8500E67C7 /* Frameworks */ = {
			isa = PBXGroup;
			children = (
				B223519999A0CCDBB883A333 /* libPods.a */,
			);
			name = Frameworks;
			sourceTree = "<group>";
		};
/* End PBXGroup section */

/* Begin PBXNativeTarget section */
		BEAA890819F38DFB00C0617D /* MoneyManagerEx */ = {
			isa = PBXNativeTarget;
			buildConfigurationList = BEAA892F19F38DFB00C0617D /* Build configuration list for PBXNativeTarget "MoneyManagerEx" */;
			buildPhases = (
				64AA1A8412E0DB8ED01D0377 /* Check Pods Manifest.lock */,
				BEAA890519F38DFB00C0617D /* Sources */,
				BEAA890619F38DFB00C0617D /* Frameworks */,
				BEAA890719F38DFB00C0617D /* Resources */,
				D4FE38DA458853C7BB28D5C6 /* Copy Pods Resources */,
			);
			buildRules = (
			);
			dependencies = (
			);
			name = MoneyManagerEx;
			productName = MoneyManagerEx;
			productReference = BEAA890919F38DFB00C0617D /* MoneyManagerEx.app */;
			productType = "com.apple.product-type.application";
		};
		BEAA892419F38DFB00C0617D /* MoneyManagerExTests */ = {
			isa = PBXNativeTarget;
			buildConfigurationList = BEAA893219F38DFB00C0617D /* Build configuration list for PBXNativeTarget "MoneyManagerExTests" */;
			buildPhases = (
				BEAA892119F38DFB00C0617D /* Sources */,
				BEAA892219F38DFB00C0617D /* Frameworks */,
				BEAA892319F38DFB00C0617D /* Resources */,
			);
			buildRules = (
			);
			dependencies = (
				BEAA892719F38DFB00C0617D /* PBXTargetDependency */,
			);
			name = MoneyManagerExTests;
			productName = MoneyManagerExTests;
			productReference = BEAA892519F38DFB00C0617D /* MoneyManagerExTests.xctest */;
			productType = "com.apple.product-type.bundle.unit-test";
		};
/* End PBXNativeTarget section */

/* Begin PBXProject section */
		BEAA890119F38DFB00C0617D /* Project object */ = {
			isa = PBXProject;
			attributes = {
				LastUpgradeCheck = 0600;
				ORGANIZATIONNAME = taotao;
				TargetAttributes = {
					BEAA890819F38DFB00C0617D = {
						CreatedOnToolsVersion = 6.0.1;
					};
					BEAA892419F38DFB00C0617D = {
						CreatedOnToolsVersion = 6.0.1;
						TestTargetID = BEAA890819F38DFB00C0617D;
					};
				};
			};
			buildConfigurationList = BEAA890419F38DFB00C0617D /* Build configuration list for PBXProject "MoneyManagerEx" */;
			compatibilityVersion = "Xcode 3.2";
			developmentRegion = English;
			hasScannedForEncodings = 0;
			knownRegions = (
				en,
				Base,
				zh,
				"zh-Hans",
			);
			mainGroup = BEAA890019F38DFB00C0617D;
			productRefGroup = BEAA890A19F38DFB00C0617D /* Products */;
			projectDirPath = "";
			projectRoot = "";
			targets = (
				BEAA890819F38DFB00C0617D /* MoneyManagerEx */,
				BEAA892419F38DFB00C0617D /* MoneyManagerExTests */,
			);
		};
/* End PBXProject section */

/* Begin PBXResourcesBuildPhase section */
		BEAA890719F38DFB00C0617D /* Resources */ = {
			isa = PBXResourcesBuildPhase;
			buildActionMask = 2147483647;
			files = (
				BEAA891B19F38DFB00C0617D /* Main.storyboard in Resources */,
				BE5B07B11A0669EE007B6467 /* CellBg@2x.png in Resources */,
				BE5B07B01A0669EE007B6467 /* CellBg_HasRightArrow@2x.png in Resources */,
				BEAA893D19F396CE00C0617D /* Localizable.strings in Resources */,
				BE5B07B21A0669EE007B6467 /* simpleMenuButton@2x.png in Resources */,
				BEAA892019F38DFB00C0617D /* LaunchScreen.xib in Resources */,
				BEAA891D19F38DFB00C0617D /* Images.xcassets in Resources */,
			);
			runOnlyForDeploymentPostprocessing = 0;
		};
		BEAA892319F38DFB00C0617D /* Resources */ = {
			isa = PBXResourcesBuildPhase;
			buildActionMask = 2147483647;
			files = (
			);
			runOnlyForDeploymentPostprocessing = 0;
		};
/* End PBXResourcesBuildPhase section */

/* Begin PBXShellScriptBuildPhase section */
		64AA1A8412E0DB8ED01D0377 /* Check Pods Manifest.lock */ = {
			isa = PBXShellScriptBuildPhase;
			buildActionMask = 2147483647;
			files = (
			);
			inputPaths = (
			);
			name = "Check Pods Manifest.lock";
			outputPaths = (
			);
			runOnlyForDeploymentPostprocessing = 0;
			shellPath = /bin/sh;
			shellScript = "diff \"${PODS_ROOT}/../Podfile.lock\" \"${PODS_ROOT}/Manifest.lock\" > /dev/null\nif [[ $? != 0 ]] ; then\n    cat << EOM\nerror: The sandbox is not in sync with the Podfile.lock. Run 'pod install' or update your CocoaPods installation.\nEOM\n    exit 1\nfi\n";
			showEnvVarsInLog = 0;
		};
		D4FE38DA458853C7BB28D5C6 /* Copy Pods Resources */ = {
			isa = PBXShellScriptBuildPhase;
			buildActionMask = 2147483647;
			files = (
			);
			inputPaths = (
			);
			name = "Copy Pods Resources";
			outputPaths = (
			);
			runOnlyForDeploymentPostprocessing = 0;
			shellPath = /bin/sh;
			shellScript = "\"${SRCROOT}/Pods/Target Support Files/Pods/Pods-resources.sh\"\n";
			showEnvVarsInLog = 0;
		};
/* End PBXShellScriptBuildPhase section */

/* Begin PBXSourcesBuildPhase section */
		BEAA890519F38DFB00C0617D /* Sources */ = {
			isa = PBXSourcesBuildPhase;
			buildActionMask = 2147483647;
			files = (
				BE446C041A01289B0044C7E2 /* MMEXSlideMenuLeftTableViewController.m in Sources */,
				BE643FA91A57EA460056A316 /* MMEXTransactionListTableViewController.m in Sources */,
				BE634C821A03C20300363273 /* MMEXProductHelper.m in Sources */,
				BEAA898A19F3D5D400C0617D /* MMEXCreateAccountViewController.m in Sources */,
				BEAA891219F38DFB00C0617D /* AppDelegate.m in Sources */,
				BEAA891519F38DFB00C0617D /* MoneyManagerEx.xcdatamodeld in Sources */,
				BEAA891819F38DFB00C0617D /* MMEXFirstAccountViewController.m in Sources */,
				BE7711E51A05ECDA005F0EA2 /* AccountAssets.m in Sources */,
				BE446C011A0127EE0044C7E2 /* MMEXSlideMenuMainViewController.m in Sources */,
				BE28D35319FA889E00FE96B4 /* MMEXAccountsListViewController.m in Sources */,
				BE698C391A3744FA00D6F71C /* MMEXAddTransactionViewControllerTableViewController.m in Sources */,
				BE97611B1A2B13A000FD08C4 /* MMEXSetAccountTypeTableViewController.m in Sources */,
				BEAA890F19F38DFB00C0617D /* main.m in Sources */,
				BE97611E1A2B16C700FD08C4 /* MMEXSetAccountStatusTableViewController.m in Sources */,
			);
			runOnlyForDeploymentPostprocessing = 0;
		};
		BEAA892119F38DFB00C0617D /* Sources */ = {
			isa = PBXSourcesBuildPhase;
			buildActionMask = 2147483647;
			files = (
				BE7711E61A05ECDA005F0EA2 /* AccountAssets.m in Sources */,
				BEAA892C19F38DFB00C0617D /* MoneyManagerExTests.m in Sources */,
			);
			runOnlyForDeploymentPostprocessing = 0;
		};
/* End PBXSourcesBuildPhase section */

/* Begin PBXTargetDependency section */
		BEAA892719F38DFB00C0617D /* PBXTargetDependency */ = {
			isa = PBXTargetDependency;
			target = BEAA890819F38DFB00C0617D /* MoneyManagerEx */;
			targetProxy = BEAA892619F38DFB00C0617D /* PBXContainerItemProxy */;
		};
/* End PBXTargetDependency section */

/* Begin PBXVariantGroup section */
		BEAA891919F38DFB00C0617D /* Main.storyboard */ = {
			isa = PBXVariantGroup;
			children = (
				BEAA891A19F38DFB00C0617D /* Base */,
				BEAA894E19F39C6000C0617D /* zh-Hans */,
			);
			name = Main.storyboard;
			sourceTree = "<group>";
		};
		BEAA891E19F38DFB00C0617D /* LaunchScreen.xib */ = {
			isa = PBXVariantGroup;
			children = (
				BEAA891F19F38DFB00C0617D /* Base */,
				BEAA895019F39C7E00C0617D /* zh-Hans */,
			);
			name = LaunchScreen.xib;
			sourceTree = "<group>";
		};
		BEAA893F19F396CE00C0617D /* Localizable.strings */ = {
			isa = PBXVariantGroup;
			children = (
				BEAA893E19F396CE00C0617D /* Base */,
				BEAA895119F39C8E00C0617D /* zh-Hans */,
			);
			name = Localizable.strings;
			sourceTree = "<group>";
		};
/* End PBXVariantGroup section */

/* Begin XCBuildConfiguration section */
		BEAA892D19F38DFB00C0617D /* Debug */ = {
			isa = XCBuildConfiguration;
			buildSettings = {
				ALWAYS_SEARCH_USER_PATHS = NO;
				CLANG_CXX_LANGUAGE_STANDARD = "gnu++0x";
				CLANG_CXX_LIBRARY = "libc++";
				CLANG_ENABLE_MODULES = YES;
				CLANG_ENABLE_OBJC_ARC = YES;
				CLANG_WARN_BOOL_CONVERSION = YES;
				CLANG_WARN_CONSTANT_CONVERSION = YES;
				CLANG_WARN_DIRECT_OBJC_ISA_USAGE = YES_ERROR;
				CLANG_WARN_EMPTY_BODY = YES;
				CLANG_WARN_ENUM_CONVERSION = YES;
				CLANG_WARN_INT_CONVERSION = YES;
				CLANG_WARN_OBJC_ROOT_CLASS = YES_ERROR;
				CLANG_WARN_UNREACHABLE_CODE = YES;
				CLANG_WARN__DUPLICATE_METHOD_MATCH = YES;
				"CODE_SIGN_IDENTITY[sdk=iphoneos*]" = "iPhone Developer";
				COPY_PHASE_STRIP = NO;
				ENABLE_STRICT_OBJC_MSGSEND = YES;
				GCC_C_LANGUAGE_STANDARD = gnu99;
				GCC_DYNAMIC_NO_PIC = NO;
				GCC_OPTIMIZATION_LEVEL = 0;
				GCC_PREPROCESSOR_DEFINITIONS = (
					"DEBUG=1",
					"$(inherited)",
				);
				GCC_SYMBOLS_PRIVATE_EXTERN = NO;
				GCC_WARN_64_TO_32_BIT_CONVERSION = YES;
				GCC_WARN_ABOUT_RETURN_TYPE = YES_ERROR;
				GCC_WARN_UNDECLARED_SELECTOR = YES;
				GCC_WARN_UNINITIALIZED_AUTOS = YES_AGGRESSIVE;
				GCC_WARN_UNUSED_FUNCTION = YES;
				GCC_WARN_UNUSED_VARIABLE = YES;
				IPHONEOS_DEPLOYMENT_TARGET = 8.0;
				MTL_ENABLE_DEBUG_INFO = YES;
				ONLY_ACTIVE_ARCH = YES;
				SDKROOT = iphoneos;
			};
			name = Debug;
		};
		BEAA892E19F38DFB00C0617D /* Release */ = {
			isa = XCBuildConfiguration;
			buildSettings = {
				ALWAYS_SEARCH_USER_PATHS = NO;
				CLANG_CXX_LANGUAGE_STANDARD = "gnu++0x";
				CLANG_CXX_LIBRARY = "libc++";
				CLANG_ENABLE_MODULES = YES;
				CLANG_ENABLE_OBJC_ARC = YES;
				CLANG_WARN_BOOL_CONVERSION = YES;
				CLANG_WARN_CONSTANT_CONVERSION = YES;
				CLANG_WARN_DIRECT_OBJC_ISA_USAGE = YES_ERROR;
				CLANG_WARN_EMPTY_BODY = YES;
				CLANG_WARN_ENUM_CONVERSION = YES;
				CLANG_WARN_INT_CONVERSION = YES;
				CLANG_WARN_OBJC_ROOT_CLASS = YES_ERROR;
				CLANG_WARN_UNREACHABLE_CODE = YES;
				CLANG_WARN__DUPLICATE_METHOD_MATCH = YES;
				"CODE_SIGN_IDENTITY[sdk=iphoneos*]" = "iPhone Developer";
				COPY_PHASE_STRIP = YES;
				ENABLE_NS_ASSERTIONS = NO;
				ENABLE_STRICT_OBJC_MSGSEND = YES;
				GCC_C_LANGUAGE_STANDARD = gnu99;
				GCC_WARN_64_TO_32_BIT_CONVERSION = YES;
				GCC_WARN_ABOUT_RETURN_TYPE = YES_ERROR;
				GCC_WARN_UNDECLARED_SELECTOR = YES;
				GCC_WARN_UNINITIALIZED_AUTOS = YES_AGGRESSIVE;
				GCC_WARN_UNUSED_FUNCTION = YES;
				GCC_WARN_UNUSED_VARIABLE = YES;
				IPHONEOS_DEPLOYMENT_TARGET = 8.0;
				MTL_ENABLE_DEBUG_INFO = NO;
				SDKROOT = iphoneos;
				VALIDATE_PRODUCT = YES;
			};
			name = Release;
		};
		BEAA893019F38DFB00C0617D /* Debug */ = {
			isa = XCBuildConfiguration;
			baseConfigurationReference = F83B9405833E553A1DE88484 /* Pods.debug.xcconfig */;
			buildSettings = {
				ASSETCATALOG_COMPILER_APPICON_NAME = AppIcon;
				INFOPLIST_FILE = MoneyManagerEx/Info.plist;
				IPHONEOS_DEPLOYMENT_TARGET = 8.1;
				LD_RUNPATH_SEARCH_PATHS = "$(inherited) @executable_path/Frameworks";
				PRODUCT_NAME = "$(TARGET_NAME)";
				TARGETED_DEVICE_FAMILY = 1;
			};
			name = Debug;
		};
		BEAA893119F38DFB00C0617D /* Release */ = {
			isa = XCBuildConfiguration;
			baseConfigurationReference = 03C6779958AC72F22A83B771 /* Pods.release.xcconfig */;
			buildSettings = {
				ASSETCATALOG_COMPILER_APPICON_NAME = AppIcon;
				INFOPLIST_FILE = MoneyManagerEx/Info.plist;
				IPHONEOS_DEPLOYMENT_TARGET = 8.1;
				LD_RUNPATH_SEARCH_PATHS = "$(inherited) @executable_path/Frameworks";
				PRODUCT_NAME = "$(TARGET_NAME)";
				TARGETED_DEVICE_FAMILY = 1;
			};
			name = Release;
		};
		BEAA893319F38DFB00C0617D /* Debug */ = {
			isa = XCBuildConfiguration;
			buildSettings = {
				BUNDLE_LOADER = "$(TEST_HOST)";
				FRAMEWORK_SEARCH_PATHS = (
					"$(SDKROOT)/Developer/Library/Frameworks",
					"$(inherited)",
				);
				GCC_PREPROCESSOR_DEFINITIONS = (
					"DEBUG=1",
					"$(inherited)",
				);
				INFOPLIST_FILE = MoneyManagerExTests/Info.plist;
				LD_RUNPATH_SEARCH_PATHS = "$(inherited) @executable_path/Frameworks @loader_path/Frameworks";
				PRODUCT_NAME = "$(TARGET_NAME)";
				TEST_HOST = "$(BUILT_PRODUCTS_DIR)/MoneyManagerEx.app/MoneyManagerEx";
			};
			name = Debug;
		};
		BEAA893419F38DFB00C0617D /* Release */ = {
			isa = XCBuildConfiguration;
			buildSettings = {
				BUNDLE_LOADER = "$(TEST_HOST)";
				FRAMEWORK_SEARCH_PATHS = (
					"$(SDKROOT)/Developer/Library/Frameworks",
					"$(inherited)",
				);
				INFOPLIST_FILE = MoneyManagerExTests/Info.plist;
				LD_RUNPATH_SEARCH_PATHS = "$(inherited) @executable_path/Frameworks @loader_path/Frameworks";
				PRODUCT_NAME = "$(TARGET_NAME)";
				TEST_HOST = "$(BUILT_PRODUCTS_DIR)/MoneyManagerEx.app/MoneyManagerEx";
			};
			name = Release;
		};
/* End XCBuildConfiguration section */

/* Begin XCConfigurationList section */
		BEAA890419F38DFB00C0617D /* Build configuration list for PBXProject "MoneyManagerEx" */ = {
			isa = XCConfigurationList;
			buildConfigurations = (
				BEAA892D19F38DFB00C0617D /* Debug */,
				BEAA892E19F38DFB00C0617D /* Release */,
			);
			defaultConfigurationIsVisible = 0;
			defaultConfigurationName = Release;
		};
		BEAA892F19F38DFB00C0617D /* Build configuration list for PBXNativeTarget "MoneyManagerEx" */ = {
			isa = XCConfigurationList;
			buildConfigurations = (
				BEAA893019F38DFB00C0617D /* Debug */,
				BEAA893119F38DFB00C0617D /* Release */,
			);
			defaultConfigurationIsVisible = 0;
			defaultConfigurationName = Release;
		};
		BEAA893219F38DFB00C0617D /* Build configuration list for PBXNativeTarget "MoneyManagerExTests" */ = {
			isa = XCConfigurationList;
			buildConfigurations = (
				BEAA893319F38DFB00C0617D /* Debug */,
				BEAA893419F38DFB00C0617D /* Release */,
			);
			defaultConfigurationIsVisible = 0;
			defaultConfigurationName = Release;
		};
/* End XCConfigurationList section */

/* Begin XCVersionGroup section */
		BEAA891319F38DFB00C0617D /* MoneyManagerEx.xcdatamodeld */ = {
			isa = XCVersionGroup;
			children = (
				BEAA891419F38DFB00C0617D /* MoneyManagerEx.xcdatamodel */,
			);
			currentVersion = BEAA891419F38DFB00C0617D /* MoneyManagerEx.xcdatamodel */;
			path = MoneyManagerEx.xcdatamodeld;
			sourceTree = "<group>";
			versionGroupType = wrapper.xcdatamodel;
		};
/* End XCVersionGroup section */
	};
	rootObject = BEAA890119F38DFB00C0617D /* Project object */;
}
